
Microsoft Visual Studio Solution File, Format Version 12.00
# Visual Studio 14
VisualStudioVersion = 14.0.25420.1
MinimumVisualStudioVersion = 10.0.40219.1
Project("{FAE04EC0-301F-11D3-BF4B-00C04F79EFBC}") = "TestCardClasses", "TestCardClasses\TestCardClasses.csproj", "{74D6B068-2618-45F2-AC39-8D5536B2D687}"
EndProject
Project("{FAE04EC0-301F-11D3-BF4B-00C04F79EFBC}") = "TestBuffs", "TestBuffs\TestBuffs.csproj", "{4BA2F134-BAEB-4FFA-B4E1-D5FA44F8FD8D}"
EndProject
Global
	GlobalSection(SolutionConfigurationPlatforms) = preSolution
		Debug|Any CPU = Debug|Any CPU
		Release|Any CPU = Release|Any CPU
	EndGlobalSection
	GlobalSection(ProjectConfigurationPlatforms) = postSolution
		{74D6B068-2618-45F2-AC39-8D5536B2D687}.Debug|Any CPU.ActiveCfg = Debug|Any CPU
		{74D6B068-2618-45F2-AC39-8D5536B2D687}.Debug|Any CPU.Build.0 = Debug|Any CPU
		{74D6B068-2618-45F2-AC39-8D5536B2D687}.Release|Any CPU.ActiveCfg = Release|Any CPU
		{74D6B068-2618-45F2-AC39-8D5536B2D687}.Release|Any CPU.Build.0 = Release|Any CPU
		{4BA2F134-BAEB-4FFA-B4E1-D5FA44F8FD8D}.Debug|Any CPU.ActiveCfg = Debug|Any CPU
		{4BA2F134-BAEB-4FFA-B4E1-D5FA44F8FD8D}.Debug|Any CPU.Build.0 = Debug|Any CPU
		{4BA2F134-BAEB-4FFA-B4E1-D5FA44F8FD8D}.Release|Any CPU.ActiveCfg = Release|Any CPU
		{4BA2F134-BAEB-4FFA-B4E1-D5FA44F8FD8D}.Release|Any CPU.Build.0 = Release|Any CPU
	EndGlobalSection
	GlobalSection(SolutionProperties) = preSolution
		HideSolutionNode = FALSE
	EndGlobalSection
EndGlobal
